
Microsoft Visual Studio Solution File, Format Version 12.00
# Visual Studio Version 17
VisualStudioVersion = 17.14.36212.18 d17.14
MinimumVisualStudioVersion = 10.0.40219.1
Project("{FAE04EC0-301F-11D3-BF4B-00C04F79EFBC}") = "Pénzváltó", "Pénzváltó.csproj", "{851D3564-2F18-4172-B25B-EB0A0C047C4E}"
EndProject
Global
	GlobalSection(SolutionConfigurationPlatforms) = preSolution
		Debug|Any CPU = Debug|Any CPU
		Release|Any CPU = Release|Any CPU
	EndGlobalSection
	GlobalSection(ProjectConfigurationPlatforms) = postSolution
		{851D3564-2F18-4172-B25B-EB0A0C047C4E}.Debug|Any CPU.ActiveCfg = Debug|Any CPU
		{851D3564-2F18-4172-B25B-EB0A0C047C4E}.Debug|Any CPU.Build.0 = Debug|Any CPU
		{851D3564-2F18-4172-B25B-EB0A0C047C4E}.Release|Any CPU.ActiveCfg = Release|Any CPU
		{851D3564-2F18-4172-B25B-EB0A0C047C4E}.Release|Any CPU.Build.0 = Release|Any CPU
	EndGlobalSection
	GlobalSection(SolutionProperties) = preSolution
		HideSolutionNode = FALSE
	EndGlobalSection
	GlobalSection(ExtensibilityGlobals) = postSolution
		SolutionGuid = {837ABC03-A195-4810-BD3E-450C355C1835}
	EndGlobalSection
EndGlobal
